
Microsoft Visual Studio Solution File, Format Version 12.00
# Visual Studio 15
VisualStudioVersion = 15.0.26228.9
MinimumVisualStudioVersion = 10.0.40219.1
Project("{FAE04EC0-301F-11D3-BF4B-00C04F79EFBC}") = "FileShufflerv2", "FileShufflerv2\FileShufflerv2.csproj", "{0125B720-5396-4AFB-89DE-950557C3C22B}"
EndProject
Project("{2150E333-8FDC-42A3-9474-1A3956D46DE8}") = "Solution Items", "Solution Items", "{239974C3-C947-4331-9AB2-3FE8994F5BBF}"
	ProjectSection(SolutionItems) = preProject
		Code.txt = Code.txt
	EndProjectSection
EndProject
Global
	GlobalSection(SolutionConfigurationPlatforms) = preSolution
		Debug|Any CPU = Debug|Any CPU
		Release|Any CPU = Release|Any CPU
	EndGlobalSection
	GlobalSection(ProjectConfigurationPlatforms) = postSolution
		{0125B720-5396-4AFB-89DE-950557C3C22B}.Debug|Any CPU.ActiveCfg = Debug|Any CPU
		{0125B720-5396-4AFB-89DE-950557C3C22B}.Debug|Any CPU.Build.0 = Debug|Any CPU
		{0125B720-5396-4AFB-89DE-950557C3C22B}.Release|Any CPU.ActiveCfg = Release|Any CPU
		{0125B720-5396-4AFB-89DE-950557C3C22B}.Release|Any CPU.Build.0 = Release|Any CPU
	EndGlobalSection
	GlobalSection(SolutionProperties) = preSolution
		HideSolutionNode = FALSE
	EndGlobalSection
EndGlobal
